// !$*UTF8*$!
{
	archiveVersion = 1;
	classes = {
	};
	objectVersion = 50;
	objects = {

/* Begin PBXBuildFile section */
		AA5FDF76228D5C8600806C74 /* AppDelegate.swift in Sources */ = {isa = PBXBuildFile; fileRef = AA5FDF75228D5C8600806C74 /* AppDelegate.swift */; };
		AA5FDF78228D5C8600806C74 /* ListToDoViewController.swift in Sources */ = {isa = PBXBuildFile; fileRef = AA5FDF77228D5C8600806C74 /* ListToDoViewController.swift */; };
		AA5FDF7B228D5C8600806C74 /* Main.storyboard in Resources */ = {isa = PBXBuildFile; fileRef = AA5FDF79228D5C8600806C74 /* Main.storyboard */; };
		AA5FDF7D228D5C8800806C74 /* Assets.xcassets in Resources */ = {isa = PBXBuildFile; fileRef = AA5FDF7C228D5C8800806C74 /* Assets.xcassets */; };
		AA5FDF80228D5C8800806C74 /* LaunchScreen.storyboard in Resources */ = {isa = PBXBuildFile; fileRef = AA5FDF7E228D5C8800806C74 /* LaunchScreen.storyboard */; };
		AA5FDF89228D858A00806C74 /* Item.swift in Sources */ = {isa = PBXBuildFile; fileRef = AA5FDF88228D858A00806C74 /* Item.swift */; };
/* End PBXBuildFile section */

/* Begin PBXFileReference section */
		AA5FDF72228D5C8600806C74 /* listToDo.app */ = {isa = PBXFileReference; explicitFileType = wrapper.application; includeInIndex = 0; path = listToDo.app; sourceTree = BUILT_PRODUCTS_DIR; };
		AA5FDF75228D5C8600806C74 /* AppDelegate.swift */ = {isa = PBXFileReference; lastKnownFileType = sourcecode.swift; path = AppDelegate.swift; sourceTree = "<group>"; };
		AA5FDF77228D5C8600806C74 /* ListToDoViewController.swift */ = {isa = PBXFileReference; lastKnownFileType = sourcecode.swift; path = ListToDoViewController.swift; sourceTree = "<group>"; };
		AA5FDF7A228D5C8600806C74 /* Base */ = {isa = PBXFileReference; lastKnownFileType = file.storyboard; name = Base; path = Base.lproj/Main.storyboard; sourceTree = "<group>"; };
		AA5FDF7C228D5C8800806C74 /* Assets.xcassets */ = {isa = PBXFileReference; lastKnownFileType = folder.assetcatalog; path = Assets.xcassets; sourceTree = "<group>"; };
		AA5FDF7F228D5C8800806C74 /* Base */ = {isa = PBXFileReference; lastKnownFileType = file.storyboard; name = Base; path = Base.lproj/LaunchScreen.storyboard; sourceTree = "<group>"; };
		AA5FDF81228D5C8800806C74 /* Info.plist */ = {isa = PBXFileReference; lastKnownFileType = text.plist.xml; path = Info.plist; sourceTree = "<group>"; };
		AA5FDF88228D858A00806C74 /* Item.swift */ = {isa = PBXFileReference; lastKnownFileType = sourcecode.swift; path = Item.swift; sourceTree = "<group>"; };
/* End PBXFileReference section */

/* Begin PBXFrameworksBuildPhase section */
		AA5FDF6F228D5C8600806C74 /* Frameworks */ = {
			isa = PBXFrameworksBuildPhase;
			buildActionMask = 2147483647;
			files = (
			);
			runOnlyForDeploymentPostprocessing = 0;
		};
/* End PBXFrameworksBuildPhase section */

/* Begin PBXGroup section */
		AA5FDF69228D5C8600806C74 = {
			isa = PBXGroup;
			children = (
				AA5FDF74228D5C8600806C74 /* listToDo */,
				AA5FDF73228D5C8600806C74 /* Products */,
			);
			sourceTree = "<group>";
		};
		AA5FDF73228D5C8600806C74 /* Products */ = {
			isa = PBXGroup;
			children = (
				AA5FDF72228D5C8600806C74 /* listToDo.app */,
			);
			name = Products;
			sourceTree = "<group>";
		};
		AA5FDF74228D5C8600806C74 /* listToDo */ = {
			isa = PBXGroup;
			children = (
				AA5FDF8C228D85B800806C74 /* Supporting Files */,
				AA5FDF8B228D85A700806C74 /* Views */,
				AA5FDF8A228D858F00806C74 /* Controllers */,
				AA5FDF87228D856300806C74 /* ModelData */,
				AA5FDF75228D5C8600806C74 /* AppDelegate.swift */,
				AA5FDF81228D5C8800806C74 /* Info.plist */,
			);
			path = listToDo;
			sourceTree = "<group>";
		};
		AA5FDF87228D856300806C74 /* ModelData */ = {
			isa = PBXGroup;
			children = (
				AA5FDF88228D858A00806C74 /* Item.swift */,
			);
			path = ModelData;
			sourceTree = "<group>";
		};
		AA5FDF8A228D858F00806C74 /* Controllers */ = {
			isa = PBXGroup;
			children = (
				AA5FDF77228D5C8600806C74 /* ListToDoViewController.swift */,
			);
			path = Controllers;
			sourceTree = "<group>";
		};
		AA5FDF8B228D85A700806C74 /* Views */ = {
			isa = PBXGroup;
			children = (
				AA5FDF79228D5C8600806C74 /* Main.storyboard */,
			);
			path = Views;
			sourceTree = "<group>";
		};
		AA5FDF8C228D85B800806C74 /* Supporting Files */ = {
			isa = PBXGroup;
			children = (
				AA5FDF7C228D5C8800806C74 /* Assets.xcassets */,
				AA5FDF7E228D5C8800806C74 /* LaunchScreen.storyboard */,
			);
			path = "Supporting Files";
			sourceTree = "<group>";
		};
/* End PBXGroup section */

/* Begin PBXNativeTarget section */
		AA5FDF71228D5C8600806C74 /* listToDo */ = {
			isa = PBXNativeTarget;
			buildConfigurationList = AA5FDF84228D5C8800806C74 /* Build configuration list for PBXNativeTarget "listToDo" */;
			buildPhases = (
				AA5FDF6E228D5C8600806C74 /* Sources */,
				AA5FDF6F228D5C8600806C74 /* Frameworks */,
				AA5FDF70228D5C8600806C74 /* Resources */,
			);
			buildRules = (
			);
			dependencies = (
			);
			name = listToDo;
			productName = listToDo;
			productReference = AA5FDF72228D5C8600806C74 /* listToDo.app */;
			productType = "com.apple.product-type.application";
		};
/* End PBXNativeTarget section */

/* Begin PBXProject section */
		AA5FDF6A228D5C8600806C74 /* Project object */ = {
			isa = PBXProject;
			attributes = {
				LastSwiftUpdateCheck = 1020;
				LastUpgradeCheck = 1020;
				ORGANIZATIONNAME = "Iva Cicarevic";
				TargetAttributes = {
					AA5FDF71228D5C8600806C74 = {
						CreatedOnToolsVersion = 10.2.1;
					};
				};
			};
			buildConfigurationList = AA5FDF6D228D5C8600806C74 /* Build configuration list for PBXProject "listToDo" */;
			compatibilityVersion = "Xcode 9.3";
			developmentRegion = en;
			hasScannedForEncodings = 0;
			knownRegions = (
				en,
				Base,
			);
			mainGroup = AA5FDF69228D5C8600806C74;
			productRefGroup = AA5FDF73228D5C8600806C74 /* Products */;
			projectDirPath = "";
			projectRoot = "";
			targets = (
				AA5FDF71228D5C8600806C74 /* listToDo */,
			);
		};
/* End PBXProject section */

/* Begin PBXResourcesBuildPhase section */
		AA5FDF70228D5C8600806C74 /* Resources */ = {
			isa = PBXResourcesBuildPhase;
			buildActionMask = 2147483647;
			files = (
				AA5FDF80228D5C8800806C74 /* LaunchScreen.storyboard in Resources */,
				AA5FDF7D228D5C8800806C74 /* Assets.xcassets in Resources */,
				AA5FDF7B228D5C8600806C74 /* Main.storyboard in Resources */,
			);
			runOnlyForDeploymentPostprocessing = 0;
		};
/* End PBXResourcesBuildPhase section */

/* Begin PBXSourcesBuildPhase section */
		AA5FDF6E228D5C8600806C74 /* Sources */ = {
			isa = PBXSourcesBuildPhase;
			buildActionMask = 2147483647;
			files = (
				AA5FDF78228D5C8600806C74 /* ListToDoViewController.swift in Sources */,
				AA5FDF89228D858A00806C74 /* Item.swift in Sources */,
				AA5FDF76228D5C8600806C74 /* AppDelegate.swift in Sources */,
			);
			runOnlyForDeploymentPostprocessing = 0;
		};
/* End PBXSourcesBuildPhase section */

/* Begin PBXVariantGroup section */
		AA5FDF79228D5C8600806C74 /* Main.storyboard */ = {
			isa = PBXVariantGroup;
			children = (
				AA5FDF7A228D5C8600806C74 /* Base */,
			);
			name = Main.storyboard;
			sourceTree = "<group>";
		};
		AA5FDF7E228D5C8800806C74 /* LaunchScreen.storyboard */ = {
			isa = PBXVariantGroup;
			children = (
				AA5FDF7F228D5C8800806C74 /* Base */,
			);
			name = LaunchScreen.storyboard;
			sourceTree = "<group>";
		};
/* End PBXVariantGroup section */

/* Begin XCBuildConfiguration section */
		AA5FDF82228D5C8800806C74 /* Debug */ = {
			isa = XCBuildConfiguration;
			buildSettings = {
				ALWAYS_SEARCH_USER_PATHS = NO;
				CLANG_ANALYZER_NONNULL = YES;
				CLANG_ANALYZER_NUMBER_OBJECT_CONVERSION = YES_AGGRESSIVE;
				CLANG_CXX_LANGUAGE_STANDARD = "gnu++14";
				CLANG_CXX_LIBRARY = "libc++";
				CLANG_ENABLE_MODULES = YES;
				CLANG_ENABLE_OBJC_ARC = YES;
				CLANG_ENABLE_OBJC_WEAK = YES;
				CLANG_WARN_BLOCK_CAPTURE_AUTORELEASING = YES;
				CLANG_WARN_BOOL_CONVERSION = YES;
				CLANG_WARN_COMMA = YES;
				CLANG_WARN_CONSTANT_CONVERSION = YES;
				CLANG_WARN_DEPRECATED_OBJC_IMPLEMENTATIONS = YES;
				CLANG_WARN_DIRECT_OBJC_ISA_USAGE = YES_ERROR;
				CLANG_WARN_DOCUMENTATION_COMMENTS = YES;
				CLANG_WARN_EMPTY_BODY = YES;
				CLANG_WARN_ENUM_CONVERSION = YES;
				CLANG_WARN_INFINITE_RECURSION = YES;
				CLANG_WARN_INT_CONVERSION = YES;
				CLANG_WARN_NON_LITERAL_NULL_CONVERSION = YES;
				CLANG_WARN_OBJC_IMPLICIT_RETAIN_SELF = YES;
				CLANG_WARN_OBJC_LITERAL_CONVERSION = YES;
				CLANG_WARN_OBJC_ROOT_CLASS = YES_ERROR;
				CLANG_WARN_RANGE_LOOP_ANALYSIS = YES;
				CLANG_WARN_STRICT_PROTOTYPES = YES;
				CLANG_WARN_SUSPICIOUS_MOVE = YES;
				CLANG_WARN_UNGUARDED_AVAILABILITY = YES_AGGRESSIVE;
				CLANG_WARN_UNREACHABLE_CODE = YES;
				CLANG_WARN__DUPLICATE_METHOD_MATCH = YES;
				CODE_SIGN_IDENTITY = "iPhone Developer";
				COPY_PHASE_STRIP = NO;
				DEBUG_INFORMATION_FORMAT = dwarf;
				ENABLE_STRICT_OBJC_MSGSEND = YES;
				ENABLE_TESTABILITY = YES;
				GCC_C_LANGUAGE_STANDARD = gnu11;
				GCC_DYNAMIC_NO_PIC = NO;
				GCC_NO_COMMON_BLOCKS = YES;
				GCC_OPTIMIZATION_LEVEL = 0;
				GCC_PREPROCESSOR_DEFINITIONS = (
					"DEBUG=1",
					"$(inherited)",
				);
				GCC_WARN_64_TO_32_BIT_CONVERSION = YES;
				GCC_WARN_ABOUT_RETURN_TYPE = YES_ERROR;
				GCC_WARN_UNDECLARED_SELECTOR = YES;
				GCC_WARN_UNINITIALIZED_AUTOS = YES_AGGRESSIVE;
				GCC_WARN_UNUSED_FUNCTION = YES;
				GCC_WARN_UNUSED_VARIABLE = YES;
				IPHONEOS_DEPLOYMENT_TARGET = 12.2;
				MTL_ENABLE_DEBUG_INFO = INCLUDE_SOURCE;
				MTL_FAST_MATH = YES;
				ONLY_ACTIVE_ARCH = YES;
				SDKROOT = iphoneos;
				SWIFT_ACTIVE_COMPILATION_CONDITIONS = DEBUG;
				SWIFT_OPTIMIZATION_LEVEL = "-Onone";
			};
			name = Debug;
		};
		AA5FDF83228D5C8800806C74 /* Release */ = {
			isa = XCBuildConfiguration;
			buildSettings = {
				ALWAYS_SEARCH_USER_PATHS = NO;
				CLANG_ANALYZER_NONNULL = YES;
				CLANG_ANALYZER_NUMBER_OBJECT_CONVERSION = YES_AGGRESSIVE;
				CLANG_CXX_LANGUAGE_STANDARD = "gnu++14";
				CLANG_CXX_LIBRARY = "libc++";
				CLANG_ENABLE_MODULES = YES;
				CLANG_ENABLE_OBJC_ARC = YES;
				CLANG_ENABLE_OBJC_WEAK = YES;
				CLANG_WARN_BLOCK_CAPTURE_AUTORELEASING = YES;
				CLANG_WARN_BOOL_CONVERSION = YES;
				CLANG_WARN_COMMA = YES;
				CLANG_WARN_CONSTANT_CONVERSION = YES;
				CLANG_WARN_DEPRECATED_OBJC_IMPLEMENTATIONS = YES;
				CLANG_WARN_DIRECT_OBJC_ISA_USAGE = YES_ERROR;
				CLANG_WARN_DOCUMENTATION_COMMENTS = YES;
				CLANG_WARN_EMPTY_BODY = YES;
				CLANG_WARN_ENUM_CONVERSION = YES;
				CLANG_WARN_INFINITE_RECURSION = YES;
				CLANG_WARN_INT_CONVERSION = YES;
				CLANG_WARN_NON_LITERAL_NULL_CONVERSION = YES;
				CLANG_WARN_OBJC_IMPLICIT_RETAIN_SELF = YES;
				CLANG_WARN_OBJC_LITERAL_CONVERSION = YES;
				CLANG_WARN_OBJC_ROOT_CLASS = YES_ERROR;
				CLANG_WARN_RANGE_LOOP_ANALYSIS = YES;
				CLANG_WARN_STRICT_PROTOTYPES = YES;
				CLANG_WARN_SUSPICIOUS_MOVE = YES;
				CLANG_WARN_UNGUARDED_AVAILABILITY = YES_AGGRESSIVE;
				CLANG_WARN_UNREACHABLE_CODE = YES;
				CLANG_WARN__DUPLICATE_METHOD_MATCH = YES;
				CODE_SIGN_IDENTITY = "iPhone Developer";
				COPY_PHASE_STRIP = NO;
				DEBUG_INFORMATION_FORMAT = "dwarf-with-dsym";
				ENABLE_NS_ASSERTIONS = NO;
				ENABLE_STRICT_OBJC_MSGSEND = YES;
				GCC_C_LANGUAGE_STANDARD = gnu11;
				GCC_NO_COMMON_BLOCKS = YES;
				GCC_WARN_64_TO_32_BIT_CONVERSION = YES;
				GCC_WARN_ABOUT_RETURN_TYPE = YES_ERROR;
				GCC_WARN_UNDECLARED_SELECTOR = YES;
				GCC_WARN_UNINITIALIZED_AUTOS = YES_AGGRESSIVE;
				GCC_WARN_UNUSED_FUNCTION = YES;
				GCC_WARN_UNUSED_VARIABLE = YES;
				IPHONEOS_DEPLOYMENT_TARGET = 12.2;
				MTL_ENABLE_DEBUG_INFO = NO;
				MTL_FAST_MATH = YES;
				SDKROOT = iphoneos;
				SWIFT_COMPILATION_MODE = wholemodule;
				SWIFT_OPTIMIZATION_LEVEL = "-O";
				VALIDATE_PRODUCT = YES;
			};
			name = Release;
		};
		AA5FDF85228D5C8800806C74 /* Debug */ = {
			isa = XCBuildConfiguration;
			buildSettings = {
				ASSETCATALOG_COMPILER_APPICON_NAME = AppIcon;
				CODE_SIGN_STYLE = Automatic;
				DEVELOPMENT_TEAM = W5QM46SC8G;
				INFOPLIST_FILE = listToDo/Info.plist;
				LD_RUNPATH_SEARCH_PATHS = (
					"$(inherited)",
					"@executable_path/Frameworks",
				);
				PRODUCT_BUNDLE_IDENTIFIER = "cicareviciva-hotmail.com.listToDo";
				PRODUCT_NAME = "$(TARGET_NAME)";
				SWIFT_VERSION = 5.0;
				TARGETED_DEVICE_FAMILY = "1,2";
			};
			name = Debug;
		};
		AA5FDF86228D5C8800806C74 /* Release */ = {
			isa = XCBuildConfiguration;
			buildSettings = {
				ASSETCATALOG_COMPILER_APPICON_NAME = AppIcon;
				CODE_SIGN_STYLE = Automatic;
				DEVELOPMENT_TEAM = W5QM46SC8G;
				INFOPLIST_FILE = listToDo/Info.plist;
				LD_RUNPATH_SEARCH_PATHS = (
					"$(inherited)",
					"@executable_path/Frameworks",
				);
				PRODUCT_BUNDLE_IDENTIFIER = "cicareviciva-hotmail.com.listToDo";
				PRODUCT_NAME = "$(TARGET_NAME)";
				SWIFT_VERSION = 5.0;
				TARGETED_DEVICE_FAMILY = "1,2";
			};
			name = Release;
		};
/* End XCBuildConfiguration section */

/* Begin XCConfigurationList section */
		AA5FDF6D228D5C8600806C74 /* Build configuration list for PBXProject "listToDo" */ = {
			isa = XCConfigurationList;
			buildConfigurations = (
				AA5FDF82228D5C8800806C74 /* Debug */,
				AA5FDF83228D5C8800806C74 /* Release */,
			);
			defaultConfigurationIsVisible = 0;
			defaultConfigurationName = Release;
		};
		AA5FDF84228D5C8800806C74 /* Build configuration list for PBXNativeTarget "listToDo" */ = {
			isa = XCConfigurationList;
			buildConfigurations = (
				AA5FDF85228D5C8800806C74 /* Debug */,
				AA5FDF86228D5C8800806C74 /* Release */,
			);
			defaultConfigurationIsVisible = 0;
			defaultConfigurationName = Release;
		};
/* End XCConfigurationList section */
	};
	rootObject = AA5FDF6A228D5C8600806C74 /* Project object */;
}
